{
    "hash": "dc8f5d37502482ec8e305c8b0710d2c9",
    "packages": [
        {
            "name": "gabordemooij/redbean",
            "version": "dev-master",
            "source": {
                "type": "git",
                "url": "https://github.com/gabordemooij/redbean.git",
                "reference": "eac266a10b76447dd821d739cb9ffa786c6f7af9"
            },
            "dist": {
                "type": "zip",
                "url": "https://github.com/gabordemooij/redbean/zipball/eac266a10b76447dd821d739cb9ffa786c6f7af9",
                "reference": "eac266a10b76447dd821d739cb9ffa786c6f7af9",
                "shasum": ""
            },
            "require": {
                "php": ">=5.2.0"
            },
            "time": "1351767163",
            "type": "library",
            "installation-source": "source",
            "autoload": {
                "psr-0": {
                    "RedBean_": ""
                }
            },
            "license": [
                "BSD"
            ],
            "authors": [
                {
                    "name": "Gabor de Mooij",
                    "email": "gabordemooij@gmail.com",
                    "homepage": "http://www.redbeanphp.com",
                    "role": "Developer"
                }
            ],
            "description": "Easy ORM for PHP",
            "homepage": "http://github.com/gabordemooij/redbean",
            "keywords": [
                "orm",
                "Object Relational Mapping"
            ]
        },
        {
            "name": "slim/extras",
            "version": "dev-master",
            "target-dir": "Slim/Extras",
            "source": {
                "type": "git",
                "url": "https://github.com/codeguy/Slim-Extras",
                "reference": "a831f4e0a7e52ea7b982edaa9fe0e5b1640412d6"
            },
            "dist": {
                "type": "zip",
                "url": "https://github.com/codeguy/Slim-Extras/zipball/a831f4e0a7e52ea7b982edaa9fe0e5b1640412d6",
                "reference": "a831f4e0a7e52ea7b982edaa9fe0e5b1640412d6",
                "shasum": ""
            },
            "require": {
                "slim/slim": ">=2.0.0",
                "php": ">=5.3.0"
            },
            "time": "1351860856",
            "type": "library",
            "installation-source": "source",
            "autoload": {
                "psr-0": {
                    "Twig_Extensions_": "Views/Extension/",
                    "Slim\\Extras": "."
                }
            },
            "license": [
                "MIT"
            ],
            "authors": [
                {
                    "name": "Andrew Smith",
                    "email": "a.smith@silentworks.co.uk",
                    "homepage": "http://www.silentworks.co.uk/"
                },
                {
                    "name": "Josh Lockhart",
                    "email": "info@joshlockhart.com",
                    "homepage": "http://www.joshlockhart.com/"
                }
            ],
            "description": "Extras package for the Slim Framework",
            "homepage": "http://github.com/codeguy/Slim-Extras",
            "keywords": [
                "templating",
                "extensions",
                "middleware"
            ]
        },
        {
            "name": "slim/slim",
            "version": "dev-master",
            "source": {
                "type": "git",
                "url": "https://github.com/codeguy/Slim",
                "reference": "2.1.0"
            },
            "dist": {
                "type": "zip",
                "url": "https://github.com/codeguy/Slim/archive/2.1.0.zip",
                "reference": "2.1.0",
                "shasum": ""
            },
            "require": {
                "php": ">=5.3.0"
            },
            "time": "1347466066",
            "type": "library",
            "installation-source": "source",
            "autoload": {
                "psr-0": {
                    "Slim": "."
                }
            },
            "license": [
                "MIT"
            ],
            "authors": [
                {
                    "name": "Josh Lockhart",
                    "email": "info@joshlockhart.com",
                    "homepage": "http://www.joshlockhart.com/"
                }
            ],
            "description": "Slim Framework, a PHP micro framework",
            "homepage": "http://github.com/codeguy/Slim",
            "keywords": [
                "microframework",
                "rest",
                "router"
            ]
        },
        {
            "name": "twig/twig",
            "version": "dev-master",
            "source": {
                "type": "git",
                "url": "git://github.com/fabpot/Twig.git",
                "reference": "abec35b833abfce5eb0ac7ce2bf2bf3462a5bebf"
            },
            "dist": {
                "type": "zip",
                "url": "https://github.com/fabpot/Twig/archive/abec35b833abfce5eb0ac7ce2bf2bf3462a5bebf.zip",
                "reference": "abec35b833abfce5eb0ac7ce2bf2bf3462a5bebf",
                "shasum": ""
            },
            "require": {
                "php": ">=5.2.4"
            },
            "time": "1352101924",
            "type": "library",
            "extra": {
                "branch-alias": {
                    "dev-master": "1.11-dev"
                }
            },
            "installation-source": "source",
            "autoload": {
                "psr-0": {
                    "Twig_": "lib/"
                }
            },
            "license": [
                "BSD-3"
            ],
            "authors": [
                {
                    "name": "Fabien Potencier",
                    "email": "fabien@symfony.com"
                },
                {
                    "name": "Armin Ronacher",
                    "email": "armin.ronacher@active-4.com"
                }
            ],
            "description": "Twig, the flexible, fast, and secure template language for PHP",
            "homepage": "http://twig.sensiolabs.org",
            "keywords": [
                "templating"
            ]
        }
    ],
    "packages-dev": null,
    "aliases": [

    ],
    "minimum-stability": "stable",
    "stability-flags": {
        "slim/slim": 20,
        "slim/extras": 20,
        "twig/twig": 20,
        "gabordemooij/redbean": 20
    }
}
